// !$*UTF8*$!
{
	archiveVersion = 1;
	classes = {
	};
	objectVersion = 46;
	objects = {

/* Begin PBXBuildFile section */
		659D43C91D35598300B2B289 /* AppDelegate.swift in Sources */ = {isa = PBXBuildFile; fileRef = 659D43C81D35598300B2B289 /* AppDelegate.swift */; };
		659D43CB1D35598300B2B289 /* ViewController.swift in Sources */ = {isa = PBXBuildFile; fileRef = 659D43CA1D35598300B2B289 /* ViewController.swift */; };
		659D43CE1D35598300B2B289 /* Main.storyboard in Resources */ = {isa = PBXBuildFile; fileRef = 659D43CC1D35598300B2B289 /* Main.storyboard */; };
		659D43D01D35598300B2B289 /* Assets.xcassets in Resources */ = {isa = PBXBuildFile; fileRef = 659D43CF1D35598300B2B289 /* Assets.xcassets */; };
		659D43D31D35598300B2B289 /* LaunchScreen.storyboard in Resources */ = {isa = PBXBuildFile; fileRef = 659D43D11D35598300B2B289 /* LaunchScreen.storyboard */; };
		659D43DD1D3559FC00B2B289 /* 2.m4a in Resources */ = {isa = PBXBuildFile; fileRef = 659D43DB1D3559FC00B2B289 /* 2.m4a */; };
		659D43E31D359BE900B2B289 /* 1.m4a in Resources */ = {isa = PBXBuildFile; fileRef = 659D43E21D359BE900B2B289 /* 1.m4a */; };
/* End PBXBuildFile section */

/* Begin PBXFileReference section */
		659D43C51D35598300B2B289 /* u-sing.app */ = {isa = PBXFileReference; explicitFileType = wrapper.application; includeInIndex = 0; path = "u-sing.app"; sourceTree = BUILT_PRODUCTS_DIR; };
		659D43C81D35598300B2B289 /* AppDelegate.swift */ = {isa = PBXFileReference; lastKnownFileType = sourcecode.swift; path = AppDelegate.swift; sourceTree = "<group>"; };
		659D43CA1D35598300B2B289 /* ViewController.swift */ = {isa = PBXFileReference; lastKnownFileType = sourcecode.swift; path = ViewController.swift; sourceTree = "<group>"; };
		659D43CD1D35598300B2B289 /* Base */ = {isa = PBXFileReference; lastKnownFileType = file.storyboard; name = Base; path = Base.lproj/Main.storyboard; sourceTree = "<group>"; };
		659D43CF1D35598300B2B289 /* Assets.xcassets */ = {isa = PBXFileReference; lastKnownFileType = folder.assetcatalog; path = Assets.xcassets; sourceTree = "<group>"; };
		659D43D21D35598300B2B289 /* Base */ = {isa = PBXFileReference; lastKnownFileType = file.storyboard; name = Base; path = Base.lproj/LaunchScreen.storyboard; sourceTree = "<group>"; };
		659D43D41D35598300B2B289 /* Info.plist */ = {isa = PBXFileReference; lastKnownFileType = text.plist.xml; path = Info.plist; sourceTree = "<group>"; };
		659D43DB1D3559FC00B2B289 /* 2.m4a */ = {isa = PBXFileReference; lastKnownFileType = file; path = 2.m4a; sourceTree = "<group>"; };
		659D43E21D359BE900B2B289 /* 1.m4a */ = {isa = PBXFileReference; lastKnownFileType = file; path = 1.m4a; sourceTree = "<group>"; };
/* End PBXFileReference section */

/* Begin PBXFrameworksBuildPhase section */
		659D43C21D35598300B2B289 /* Frameworks */ = {
			isa = PBXFrameworksBuildPhase;
			buildActionMask = 2147483647;
			files = (
			);
			runOnlyForDeploymentPostprocessing = 0;
		};
/* End PBXFrameworksBuildPhase section */

/* Begin PBXGroup section */
		659D43BC1D35598300B2B289 = {
			isa = PBXGroup;
			children = (
				659D43C71D35598300B2B289 /* u-sing */,
				659D43C61D35598300B2B289 /* Products */,
			);
			sourceTree = "<group>";
		};
		659D43C61D35598300B2B289 /* Products */ = {
			isa = PBXGroup;
			children = (
				659D43C51D35598300B2B289 /* u-sing.app */,
			);
			name = Products;
			sourceTree = "<group>";
		};
		659D43C71D35598300B2B289 /* u-sing */ = {
			isa = PBXGroup;
			children = (
				659D43C81D35598300B2B289 /* AppDelegate.swift */,
				659D43CA1D35598300B2B289 /* ViewController.swift */,
				659D43CC1D35598300B2B289 /* Main.storyboard */,
				659D43E21D359BE900B2B289 /* 1.m4a */,
				659D43DB1D3559FC00B2B289 /* 2.m4a */,
				659D43CF1D35598300B2B289 /* Assets.xcassets */,
				659D43D11D35598300B2B289 /* LaunchScreen.storyboard */,
				659D43D41D35598300B2B289 /* Info.plist */,
			);
			path = "u-sing";
			sourceTree = "<group>";
		};
/* End PBXGroup section */

/* Begin PBXNativeTarget section */
		659D43C41D35598300B2B289 /* u-sing */ = {
			isa = PBXNativeTarget;
			buildConfigurationList = 659D43D71D35598300B2B289 /* Build configuration list for PBXNativeTarget "u-sing" */;
			buildPhases = (
				659D43C11D35598300B2B289 /* Sources */,
				659D43C21D35598300B2B289 /* Frameworks */,
				659D43C31D35598300B2B289 /* Resources */,
			);
			buildRules = (
			);
			dependencies = (
			);
			name = "u-sing";
			productName = "u-sing";
			productReference = 659D43C51D35598300B2B289 /* u-sing.app */;
			productType = "com.apple.product-type.application";
		};
/* End PBXNativeTarget section */

/* Begin PBXProject section */
		659D43BD1D35598300B2B289 /* Project object */ = {
			isa = PBXProject;
			attributes = {
				LastSwiftUpdateCheck = 0730;
				LastUpgradeCheck = 0730;
				ORGANIZATIONNAME = "Huy Truong";
				TargetAttributes = {
					659D43C41D35598300B2B289 = {
						CreatedOnToolsVersion = 7.3.1;
						DevelopmentTeam = 8TRMN94S62;
					};
				};
			};
			buildConfigurationList = 659D43C01D35598300B2B289 /* Build configuration list for PBXProject "u-sing" */;
			compatibilityVersion = "Xcode 3.2";
			developmentRegion = English;
			hasScannedForEncodings = 0;
			knownRegions = (
				en,
				Base,
			);
			mainGroup = 659D43BC1D35598300B2B289;
			productRefGroup = 659D43C61D35598300B2B289 /* Products */;
			projectDirPath = "";
			projectRoot = "";
			targets = (
				659D43C41D35598300B2B289 /* u-sing */,
			);
		};
/* End PBXProject section */

/* Begin PBXResourcesBuildPhase section */
		659D43C31D35598300B2B289 /* Resources */ = {
			isa = PBXResourcesBuildPhase;
			buildActionMask = 2147483647;
			files = (
				659D43E31D359BE900B2B289 /* 1.m4a in Resources */,
				659D43DD1D3559FC00B2B289 /* 2.m4a in Resources */,
				659D43D31D35598300B2B289 /* LaunchScreen.storyboard in Resources */,
				659D43D01D35598300B2B289 /* Assets.xcassets in Resources */,
				659D43CE1D35598300B2B289 /* Main.storyboard in Resources */,
			);
			runOnlyForDeploymentPostprocessing = 0;
		};
/* End PBXResourcesBuildPhase section */

/* Begin PBXSourcesBuildPhase section */
		659D43C11D35598300B2B289 /* Sources */ = {
			isa = PBXSourcesBuildPhase;
			buildActionMask = 2147483647;
			files = (
				659D43CB1D35598300B2B289 /* ViewController.swift in Sources */,
				659D43C91D35598300B2B289 /* AppDelegate.swift in Sources */,
			);
			runOnlyForDeploymentPostprocessing = 0;
		};
/* End PBXSourcesBuildPhase section */

/* Begin PBXVariantGroup section */
		659D43CC1D35598300B2B289 /* Main.storyboard */ = {
			isa = PBXVariantGroup;
			children = (
				659D43CD1D35598300B2B289 /* Base */,
			);
			name = Main.storyboard;
			sourceTree = "<group>";
		};
		659D43D11D35598300B2B289 /* LaunchScreen.storyboard */ = {
			isa = PBXVariantGroup;
			children = (
				659D43D21D35598300B2B289 /* Base */,
			);
			name = LaunchScreen.storyboard;
			sourceTree = "<group>";
		};
/* End PBXVariantGroup section */

/* Begin XCBuildConfiguration section */
		659D43D51D35598300B2B289 /* Debug */ = {
			isa = XCBuildConfiguration;
			buildSettings = {
				ALWAYS_SEARCH_USER_PATHS = NO;
				CLANG_ANALYZER_NONNULL = YES;
				CLANG_CXX_LANGUAGE_STANDARD = "gnu++0x";
				CLANG_CXX_LIBRARY = "libc++";
				CLANG_ENABLE_MODULES = YES;
				CLANG_ENABLE_OBJC_ARC = YES;
				CLANG_WARN_BOOL_CONVERSION = YES;
				CLANG_WARN_CONSTANT_CONVERSION = YES;
				CLANG_WARN_DIRECT_OBJC_ISA_USAGE = YES_ERROR;
				CLANG_WARN_EMPTY_BODY = YES;
				CLANG_WARN_ENUM_CONVERSION = YES;
				CLANG_WARN_INT_CONVERSION = YES;
				CLANG_WARN_OBJC_ROOT_CLASS = YES_ERROR;
				CLANG_WARN_UNREACHABLE_CODE = YES;
				CLANG_WARN__DUPLICATE_METHOD_MATCH = YES;
				"CODE_SIGN_IDENTITY[sdk=iphoneos*]" = "iPhone Developer";
				COPY_PHASE_STRIP = NO;
				DEBUG_INFORMATION_FORMAT = dwarf;
				ENABLE_STRICT_OBJC_MSGSEND = YES;
				ENABLE_TESTABILITY = YES;
				GCC_C_LANGUAGE_STANDARD = gnu99;
				GCC_DYNAMIC_NO_PIC = NO;
				GCC_NO_COMMON_BLOCKS = YES;
				GCC_OPTIMIZATION_LEVEL = 0;
				GCC_PREPROCESSOR_DEFINITIONS = (
					"DEBUG=1",
					"$(inherited)",
				);
				GCC_WARN_64_TO_32_BIT_CONVERSION = YES;
				GCC_WARN_ABOUT_RETURN_TYPE = YES_ERROR;
				GCC_WARN_UNDECLARED_SELECTOR = YES;
				GCC_WARN_UNINITIALIZED_AUTOS = YES_AGGRESSIVE;
				GCC_WARN_UNUSED_FUNCTION = YES;
				GCC_WARN_UNUSED_VARIABLE = YES;
				IPHONEOS_DEPLOYMENT_TARGET = 9.3;
				MTL_ENABLE_DEBUG_INFO = YES;
				ONLY_ACTIVE_ARCH = YES;
				SDKROOT = iphoneos;
				SWIFT_OPTIMIZATION_LEVEL = "-Onone";
				TARGETED_DEVICE_FAMILY = "1,2";
			};
			name = Debug;
		};
		659D43D61D35598300B2B289 /* Release */ = {
			isa = XCBuildConfiguration;
			buildSettings = {
				ALWAYS_SEARCH_USER_PATHS = NO;
				CLANG_ANALYZER_NONNULL = YES;
				CLANG_CXX_LANGUAGE_STANDARD = "gnu++0x";
				CLANG_CXX_LIBRARY = "libc++";
				CLANG_ENABLE_MODULES = YES;
				CLANG_ENABLE_OBJC_ARC = YES;
				CLANG_WARN_BOOL_CONVERSION = YES;
				CLANG_WARN_CONSTANT_CONVERSION = YES;
				CLANG_WARN_DIRECT_OBJC_ISA_USAGE = YES_ERROR;
				CLANG_WARN_EMPTY_BODY = YES;
				CLANG_WARN_ENUM_CONVERSION = YES;
				CLANG_WARN_INT_CONVERSION = YES;
				CLANG_WARN_OBJC_ROOT_CLASS = YES_ERROR;
				CLANG_WARN_UNREACHABLE_CODE = YES;
				CLANG_WARN__DUPLICATE_METHOD_MATCH = YES;
				"CODE_SIGN_IDENTITY[sdk=iphoneos*]" = "iPhone Developer";
				COPY_PHASE_STRIP = NO;
				DEBUG_INFORMATION_FORMAT = "dwarf-with-dsym";
				ENABLE_NS_ASSERTIONS = NO;
				ENABLE_STRICT_OBJC_MSGSEND = YES;
				GCC_C_LANGUAGE_STANDARD = gnu99;
				GCC_NO_COMMON_BLOCKS = YES;
				GCC_WARN_64_TO_32_BIT_CONVERSION = YES;
				GCC_WARN_ABOUT_RETURN_TYPE = YES_ERROR;
				GCC_WARN_UNDECLARED_SELECTOR = YES;
				GCC_WARN_UNINITIALIZED_AUTOS = YES_AGGRESSIVE;
				GCC_WARN_UNUSED_FUNCTION = YES;
				GCC_WARN_UNUSED_VARIABLE = YES;
				IPHONEOS_DEPLOYMENT_TARGET = 9.3;
				MTL_ENABLE_DEBUG_INFO = NO;
				SDKROOT = iphoneos;
				TARGETED_DEVICE_FAMILY = "1,2";
				VALIDATE_PRODUCT = YES;
			};
			name = Release;
		};
		659D43D81D35598300B2B289 /* Debug */ = {
			isa = XCBuildConfiguration;
			buildSettings = {
				ASSETCATALOG_COMPILER_APPICON_NAME = AppIcon;
				CODE_SIGN_IDENTITY = "iPhone Developer";
				"CODE_SIGN_IDENTITY[sdk=iphoneos*]" = "iPhone Developer";
				INFOPLIST_FILE = "u-sing/Info.plist";
				LD_RUNPATH_SEARCH_PATHS = "$(inherited) @executable_path/Frameworks";
				PRODUCT_BUNDLE_IDENTIFIER = "com.ht.u-sing";
				PRODUCT_NAME = "$(TARGET_NAME)";
				PROVISIONING_PROFILE = "";
			};
			name = Debug;
		};
		659D43D91D35598300B2B289 /* Release */ = {
			isa = XCBuildConfiguration;
			buildSettings = {
				ASSETCATALOG_COMPILER_APPICON_NAME = AppIcon;
				CODE_SIGN_IDENTITY = "iPhone Developer";
				"CODE_SIGN_IDENTITY[sdk=iphoneos*]" = "iPhone Developer";
				INFOPLIST_FILE = "u-sing/Info.plist";
				LD_RUNPATH_SEARCH_PATHS = "$(inherited) @executable_path/Frameworks";
				PRODUCT_BUNDLE_IDENTIFIER = "com.ht.u-sing";
				PRODUCT_NAME = "$(TARGET_NAME)";
				PROVISIONING_PROFILE = "";
			};
			name = Release;
		};
/* End XCBuildConfiguration section */

/* Begin XCConfigurationList section */
		659D43C01D35598300B2B289 /* Build configuration list for PBXProject "u-sing" */ = {
			isa = XCConfigurationList;
			buildConfigurations = (
				659D43D51D35598300B2B289 /* Debug */,
				659D43D61D35598300B2B289 /* Release */,
			);
			defaultConfigurationIsVisible = 0;
			defaultConfigurationName = Release;
		};
		659D43D71D35598300B2B289 /* Build configuration list for PBXNativeTarget "u-sing" */ = {
			isa = XCConfigurationList;
			buildConfigurations = (
				659D43D81D35598300B2B289 /* Debug */,
				659D43D91D35598300B2B289 /* Release */,
			);
			defaultConfigurationIsVisible = 0;
		};
/* End XCConfigurationList section */
	};
	rootObject = 659D43BD1D35598300B2B289 /* Project object */;
}
