// !$*UTF8*$!
{
	archiveVersion = 1;
	classes = {
	};
	objectVersion = 46;
	objects = {

/* Begin PBXBuildFile section */
		6503FAFD1D41300F006817A0 /* VoiceRecord.swift in Sources */ = {isa = PBXBuildFile; fileRef = 6503FAFC1D41300F006817A0 /* VoiceRecord.swift */; };
		6535E8B71D37F94E00BFCF04 /* 21.m4a in Resources */ = {isa = PBXBuildFile; fileRef = 6535E8B61D37F94E00BFCF04 /* 21.m4a */; };
		65480FAF1D38522400B73320 /* 3.m4a in Resources */ = {isa = PBXBuildFile; fileRef = 65480FAE1D38522400B73320 /* 3.m4a */; };
		654891D51D47FBE0002E3709 /* MixedSongListViewController.swift in Sources */ = {isa = PBXBuildFile; fileRef = 654891D41D47FBE0002E3709 /* MixedSongListViewController.swift */; };
		654891D71D480939002E3709 /* getAllMixedSongs.swift in Sources */ = {isa = PBXBuildFile; fileRef = 654891D61D480939002E3709 /* getAllMixedSongs.swift */; };
		655BA4331D49472600BA6896 /* jeopardy.m4a in Resources */ = {isa = PBXBuildFile; fileRef = 655BA4321D49472600BA6896 /* jeopardy.m4a */; };
		655BA4371D49475E00BA6896 /* 1.m4a in Resources */ = {isa = PBXBuildFile; fileRef = 655BA4341D49475E00BA6896 /* 1.m4a */; };
		655BA4381D49475E00BA6896 /* 21.m4a in Resources */ = {isa = PBXBuildFile; fileRef = 655BA4351D49475E00BA6896 /* 21.m4a */; };
		655BA4391D49475E00BA6896 /* 22.m4a in Resources */ = {isa = PBXBuildFile; fileRef = 655BA4361D49475E00BA6896 /* 22.m4a */; };
		658358F11D3E9F7F000E9F19 /* PageViewController.swift in Sources */ = {isa = PBXBuildFile; fileRef = 658358F01D3E9F7F000E9F19 /* PageViewController.swift */; };
		658358F31D3E9FC3000E9F19 /* SongListViewController.swift in Sources */ = {isa = PBXBuildFile; fileRef = 658358F21D3E9FC3000E9F19 /* SongListViewController.swift */; };
		658358F51D3E9FD7000E9F19 /* PlayerViewController.swift in Sources */ = {isa = PBXBuildFile; fileRef = 658358F41D3E9FD7000E9F19 /* PlayerViewController.swift */; };
		659C56411D397EA60054AFB9 /* 22.m4a in Resources */ = {isa = PBXBuildFile; fileRef = 659C56401D397EA60054AFB9 /* 22.m4a */; };
		659D43C91D35598300B2B289 /* AppDelegate.swift in Sources */ = {isa = PBXBuildFile; fileRef = 659D43C81D35598300B2B289 /* AppDelegate.swift */; };
		659D43CE1D35598300B2B289 /* Main.storyboard in Resources */ = {isa = PBXBuildFile; fileRef = 659D43CC1D35598300B2B289 /* Main.storyboard */; };
		659D43D01D35598300B2B289 /* Assets.xcassets in Resources */ = {isa = PBXBuildFile; fileRef = 659D43CF1D35598300B2B289 /* Assets.xcassets */; };
		659D43D31D35598300B2B289 /* LaunchScreen.storyboard in Resources */ = {isa = PBXBuildFile; fileRef = 659D43D11D35598300B2B289 /* LaunchScreen.storyboard */; };
		659D43DD1D3559FC00B2B289 /* 2.m4a in Resources */ = {isa = PBXBuildFile; fileRef = 659D43DB1D3559FC00B2B289 /* 2.m4a */; };
		659D43E31D359BE900B2B289 /* 1.m4a in Resources */ = {isa = PBXBuildFile; fileRef = 659D43E21D359BE900B2B289 /* 1.m4a */; };
		65A46F3B1D42A9E20068FD0E /* Realm.framework in Frameworks */ = {isa = PBXBuildFile; fileRef = 65A46F391D42A9E20068FD0E /* Realm.framework */; };
		65A46F3C1D42A9E20068FD0E /* Realm.framework in Embed Frameworks */ = {isa = PBXBuildFile; fileRef = 65A46F391D42A9E20068FD0E /* Realm.framework */; settings = {ATTRIBUTES = (CodeSignOnCopy, RemoveHeadersOnCopy, ); }; };
		65A46F3D1D42A9E20068FD0E /* RealmSwift.framework in Frameworks */ = {isa = PBXBuildFile; fileRef = 65A46F3A1D42A9E20068FD0E /* RealmSwift.framework */; };
		65A46F3E1D42A9E20068FD0E /* RealmSwift.framework in Embed Frameworks */ = {isa = PBXBuildFile; fileRef = 65A46F3A1D42A9E20068FD0E /* RealmSwift.framework */; settings = {ATTRIBUTES = (CodeSignOnCopy, RemoveHeadersOnCopy, ); }; };
		65A46F401D42B2560068FD0E /* PlayStopManager.swift in Sources */ = {isa = PBXBuildFile; fileRef = 65A46F3F1D42B2560068FD0E /* PlayStopManager.swift */; };
		65C6A7BE1D3839C8009D3461 /* SongStruct.swift in Sources */ = {isa = PBXBuildFile; fileRef = 65C6A7BD1D3839C8009D3461 /* SongStruct.swift */; };
		65C6A7C21D383B63009D3461 /* SmashingManager.swift in Sources */ = {isa = PBXBuildFile; fileRef = 65C6A7C11D383B63009D3461 /* SmashingManager.swift */; };
/* End PBXBuildFile section */

/* Begin PBXCopyFilesBuildPhase section */
		65A46F371D42A9000068FD0E /* Embed Frameworks */ = {
			isa = PBXCopyFilesBuildPhase;
			buildActionMask = 2147483647;
			dstPath = "";
			dstSubfolderSpec = 10;
			files = (
				65A46F3E1D42A9E20068FD0E /* RealmSwift.framework in Embed Frameworks */,
				65A46F3C1D42A9E20068FD0E /* Realm.framework in Embed Frameworks */,
			);
			name = "Embed Frameworks";
			runOnlyForDeploymentPostprocessing = 0;
		};
/* End PBXCopyFilesBuildPhase section */

/* Begin PBXFileReference section */
		6503FAFC1D41300F006817A0 /* VoiceRecord.swift */ = {isa = PBXFileReference; fileEncoding = 4; lastKnownFileType = sourcecode.swift; path = VoiceRecord.swift; sourceTree = "<group>"; };
		6535E8B61D37F94E00BFCF04 /* 21.m4a */ = {isa = PBXFileReference; lastKnownFileType = file; path = 21.m4a; sourceTree = "<group>"; };
		65480FAE1D38522400B73320 /* 3.m4a */ = {isa = PBXFileReference; lastKnownFileType = file; path = 3.m4a; sourceTree = "<group>"; };
		654891D41D47FBE0002E3709 /* MixedSongListViewController.swift */ = {isa = PBXFileReference; fileEncoding = 4; lastKnownFileType = sourcecode.swift; path = MixedSongListViewController.swift; sourceTree = "<group>"; };
		654891D61D480939002E3709 /* getAllMixedSongs.swift */ = {isa = PBXFileReference; fileEncoding = 4; lastKnownFileType = sourcecode.swift; path = getAllMixedSongs.swift; sourceTree = "<group>"; };
		655BA4321D49472600BA6896 /* jeopardy.m4a */ = {isa = PBXFileReference; lastKnownFileType = file; name = jeopardy.m4a; path = ../jeopardy.m4a; sourceTree = "<group>"; };
		655BA4341D49475E00BA6896 /* 1.m4a */ = {isa = PBXFileReference; lastKnownFileType = file; name = 1.m4a; path = ../1.m4a; sourceTree = "<group>"; };
		655BA4351D49475E00BA6896 /* 21.m4a */ = {isa = PBXFileReference; lastKnownFileType = file; name = 21.m4a; path = ../21.m4a; sourceTree = "<group>"; };
		655BA4361D49475E00BA6896 /* 22.m4a */ = {isa = PBXFileReference; lastKnownFileType = file; name = 22.m4a; path = ../22.m4a; sourceTree = "<group>"; };
		658358F01D3E9F7F000E9F19 /* PageViewController.swift */ = {isa = PBXFileReference; fileEncoding = 4; lastKnownFileType = sourcecode.swift; path = PageViewController.swift; sourceTree = "<group>"; };
		658358F21D3E9FC3000E9F19 /* SongListViewController.swift */ = {isa = PBXFileReference; fileEncoding = 4; lastKnownFileType = sourcecode.swift; path = SongListViewController.swift; sourceTree = "<group>"; };
		658358F41D3E9FD7000E9F19 /* PlayerViewController.swift */ = {isa = PBXFileReference; fileEncoding = 4; lastKnownFileType = sourcecode.swift; path = PlayerViewController.swift; sourceTree = "<group>"; };
		659C56401D397EA60054AFB9 /* 22.m4a */ = {isa = PBXFileReference; lastKnownFileType = file; path = 22.m4a; sourceTree = "<group>"; };
		659D43C51D35598300B2B289 /* u-sing.app */ = {isa = PBXFileReference; explicitFileType = wrapper.application; includeInIndex = 0; path = "u-sing.app"; sourceTree = BUILT_PRODUCTS_DIR; };
		659D43C81D35598300B2B289 /* AppDelegate.swift */ = {isa = PBXFileReference; lastKnownFileType = sourcecode.swift; path = AppDelegate.swift; sourceTree = "<group>"; };
		659D43CD1D35598300B2B289 /* Base */ = {isa = PBXFileReference; lastKnownFileType = file.storyboard; name = Base; path = Base.lproj/Main.storyboard; sourceTree = "<group>"; };
		659D43CF1D35598300B2B289 /* Assets.xcassets */ = {isa = PBXFileReference; lastKnownFileType = folder.assetcatalog; path = Assets.xcassets; sourceTree = "<group>"; };
		659D43D21D35598300B2B289 /* Base */ = {isa = PBXFileReference; lastKnownFileType = file.storyboard; name = Base; path = Base.lproj/LaunchScreen.storyboard; sourceTree = "<group>"; };
		659D43D41D35598300B2B289 /* Info.plist */ = {isa = PBXFileReference; lastKnownFileType = text.plist.xml; path = Info.plist; sourceTree = "<group>"; };
		659D43DB1D3559FC00B2B289 /* 2.m4a */ = {isa = PBXFileReference; lastKnownFileType = file; path = 2.m4a; sourceTree = "<group>"; };
		659D43E21D359BE900B2B289 /* 1.m4a */ = {isa = PBXFileReference; lastKnownFileType = file; path = 1.m4a; sourceTree = "<group>"; };
		65A46F391D42A9E20068FD0E /* Realm.framework */ = {isa = PBXFileReference; lastKnownFileType = wrapper.framework; path = Realm.framework; sourceTree = "<group>"; };
		65A46F3A1D42A9E20068FD0E /* RealmSwift.framework */ = {isa = PBXFileReference; lastKnownFileType = wrapper.framework; path = RealmSwift.framework; sourceTree = "<group>"; };
		65A46F3F1D42B2560068FD0E /* PlayStopManager.swift */ = {isa = PBXFileReference; fileEncoding = 4; lastKnownFileType = sourcecode.swift; path = PlayStopManager.swift; sourceTree = "<group>"; };
		65C6A7BD1D3839C8009D3461 /* SongStruct.swift */ = {isa = PBXFileReference; fileEncoding = 4; lastKnownFileType = sourcecode.swift; path = SongStruct.swift; sourceTree = "<group>"; };
		65C6A7C11D383B63009D3461 /* SmashingManager.swift */ = {isa = PBXFileReference; fileEncoding = 4; lastKnownFileType = sourcecode.swift; path = SmashingManager.swift; sourceTree = "<group>"; };
/* End PBXFileReference section */

/* Begin PBXFrameworksBuildPhase section */
		659D43C21D35598300B2B289 /* Frameworks */ = {
			isa = PBXFrameworksBuildPhase;
			buildActionMask = 2147483647;
			files = (
				65A46F3D1D42A9E20068FD0E /* RealmSwift.framework in Frameworks */,
				65A46F3B1D42A9E20068FD0E /* Realm.framework in Frameworks */,
			);
			runOnlyForDeploymentPostprocessing = 0;
		};
/* End PBXFrameworksBuildPhase section */

/* Begin PBXGroup section */
		658358EF1D3E9F45000E9F19 /* Views */ = {
			isa = PBXGroup;
			children = (
				658358F41D3E9FD7000E9F19 /* PlayerViewController.swift */,
				658358F21D3E9FC3000E9F19 /* SongListViewController.swift */,
				654891D41D47FBE0002E3709 /* MixedSongListViewController.swift */,
			);
			name = Views;
			path = ..;
			sourceTree = "<group>";
		};
		659D43BC1D35598300B2B289 = {
			isa = PBXGroup;
			children = (
				65A46F391D42A9E20068FD0E /* Realm.framework */,
				65A46F3A1D42A9E20068FD0E /* RealmSwift.framework */,
				659D43C71D35598300B2B289 /* u-sing */,
				659D43C61D35598300B2B289 /* Products */,
			);
			sourceTree = "<group>";
		};
		659D43C61D35598300B2B289 /* Products */ = {
			isa = PBXGroup;
			children = (
				659D43C51D35598300B2B289 /* u-sing.app */,
			);
			name = Products;
			sourceTree = "<group>";
		};
		659D43C71D35598300B2B289 /* u-sing */ = {
			isa = PBXGroup;
			children = (
				659D43C81D35598300B2B289 /* AppDelegate.swift */,
				658358EF1D3E9F45000E9F19 /* Views */,
				65C6A7C31D383B69009D3461 /* Helper */,
				65C6A7C01D383B31009D3461 /* ViewController */,
				65C6A7BF1D383B2C009D3461 /* Model */,
				659D43CC1D35598300B2B289 /* Main.storyboard */,
				65480FAE1D38522400B73320 /* 3.m4a */,
				659C56401D397EA60054AFB9 /* 22.m4a */,
				655BA4341D49475E00BA6896 /* 1.m4a */,
				655BA4351D49475E00BA6896 /* 21.m4a */,
				655BA4321D49472600BA6896 /* jeopardy.m4a */,
				655BA4361D49475E00BA6896 /* 22.m4a */,
				659D43E21D359BE900B2B289 /* 1.m4a */,
				659D43DB1D3559FC00B2B289 /* 2.m4a */,
				6535E8B61D37F94E00BFCF04 /* 21.m4a */,
				659D43CF1D35598300B2B289 /* Assets.xcassets */,
				659D43D11D35598300B2B289 /* LaunchScreen.storyboard */,
				659D43D41D35598300B2B289 /* Info.plist */,
			);
			path = "u-sing";
			sourceTree = "<group>";
		};
		65C6A7BF1D383B2C009D3461 /* Model */ = {
			isa = PBXGroup;
			children = (
				65C6A7BD1D3839C8009D3461 /* SongStruct.swift */,
			);
			name = Model;
			sourceTree = "<group>";
		};
		65C6A7C01D383B31009D3461 /* ViewController */ = {
			isa = PBXGroup;
			children = (
				658358F01D3E9F7F000E9F19 /* PageViewController.swift */,
			);
			name = ViewController;
			sourceTree = "<group>";
		};
		65C6A7C31D383B69009D3461 /* Helper */ = {
			isa = PBXGroup;
			children = (
				65C6A7C11D383B63009D3461 /* SmashingManager.swift */,
				6503FAFC1D41300F006817A0 /* VoiceRecord.swift */,
				65A46F3F1D42B2560068FD0E /* PlayStopManager.swift */,
				654891D61D480939002E3709 /* getAllMixedSongs.swift */,
			);
			name = Helper;
			sourceTree = "<group>";
		};
/* End PBXGroup section */

/* Begin PBXNativeTarget section */
		659D43C41D35598300B2B289 /* u-sing */ = {
			isa = PBXNativeTarget;
			buildConfigurationList = 659D43D71D35598300B2B289 /* Build configuration list for PBXNativeTarget "u-sing" */;
			buildPhases = (
				659D43C11D35598300B2B289 /* Sources */,
				659D43C21D35598300B2B289 /* Frameworks */,
				659D43C31D35598300B2B289 /* Resources */,
				65A46F371D42A9000068FD0E /* Embed Frameworks */,
				65A46F381D42A9690068FD0E /* ShellScript */,
			);
			buildRules = (
			);
			dependencies = (
			);
			name = "u-sing";
			productName = "u-sing";
			productReference = 659D43C51D35598300B2B289 /* u-sing.app */;
			productType = "com.apple.product-type.application";
		};
/* End PBXNativeTarget section */

/* Begin PBXProject section */
		659D43BD1D35598300B2B289 /* Project object */ = {
			isa = PBXProject;
			attributes = {
				LastSwiftUpdateCheck = 0730;
				LastUpgradeCheck = 0730;
				ORGANIZATIONNAME = "Huy Truong";
				TargetAttributes = {
					659D43C41D35598300B2B289 = {
						CreatedOnToolsVersion = 7.3.1;
						DevelopmentTeam = 8TRMN94S62;
					};
				};
			};
			buildConfigurationList = 659D43C01D35598300B2B289 /* Build configuration list for PBXProject "u-sing" */;
			compatibilityVersion = "Xcode 3.2";
			developmentRegion = English;
			hasScannedForEncodings = 0;
			knownRegions = (
				en,
				Base,
			);
			mainGroup = 659D43BC1D35598300B2B289;
			productRefGroup = 659D43C61D35598300B2B289 /* Products */;
			projectDirPath = "";
			projectRoot = "";
			targets = (
				659D43C41D35598300B2B289 /* u-sing */,
			);
		};
/* End PBXProject section */

/* Begin PBXResourcesBuildPhase section */
		659D43C31D35598300B2B289 /* Resources */ = {
			isa = PBXResourcesBuildPhase;
			buildActionMask = 2147483647;
			files = (
				655BA4371D49475E00BA6896 /* 1.m4a in Resources */,
				655BA4381D49475E00BA6896 /* 21.m4a in Resources */,
				655BA4391D49475E00BA6896 /* 22.m4a in Resources */,
				655BA4331D49472600BA6896 /* jeopardy.m4a in Resources */,
				6535E8B71D37F94E00BFCF04 /* 21.m4a in Resources */,
				659D43E31D359BE900B2B289 /* 1.m4a in Resources */,
				659D43DD1D3559FC00B2B289 /* 2.m4a in Resources */,
				659C56411D397EA60054AFB9 /* 22.m4a in Resources */,
				659D43D31D35598300B2B289 /* LaunchScreen.storyboard in Resources */,
				659D43D01D35598300B2B289 /* Assets.xcassets in Resources */,
				65480FAF1D38522400B73320 /* 3.m4a in Resources */,
				659D43CE1D35598300B2B289 /* Main.storyboard in Resources */,
			);
			runOnlyForDeploymentPostprocessing = 0;
		};
/* End PBXResourcesBuildPhase section */

/* Begin PBXShellScriptBuildPhase section */
		65A46F381D42A9690068FD0E /* ShellScript */ = {
			isa = PBXShellScriptBuildPhase;
			buildActionMask = 2147483647;
			files = (
			);
			inputPaths = (
			);
			outputPaths = (
			);
			runOnlyForDeploymentPostprocessing = 0;
			shellPath = /bin/sh;
			shellScript = "bash \"${BUILT_PRODUCTS_DIR}/${FRAMEWORKS_FOLDER_PATH}/Realm.framework/strip-frameworks.sh\"";
		};
/* End PBXShellScriptBuildPhase section */

/* Begin PBXSourcesBuildPhase section */
		659D43C11D35598300B2B289 /* Sources */ = {
			isa = PBXSourcesBuildPhase;
			buildActionMask = 2147483647;
			files = (
				65C6A7BE1D3839C8009D3461 /* SongStruct.swift in Sources */,
				6503FAFD1D41300F006817A0 /* VoiceRecord.swift in Sources */,
				65A46F401D42B2560068FD0E /* PlayStopManager.swift in Sources */,
				658358F11D3E9F7F000E9F19 /* PageViewController.swift in Sources */,
				65C6A7C21D383B63009D3461 /* SmashingManager.swift in Sources */,
				654891D71D480939002E3709 /* getAllMixedSongs.swift in Sources */,
				654891D51D47FBE0002E3709 /* MixedSongListViewController.swift in Sources */,
				658358F51D3E9FD7000E9F19 /* PlayerViewController.swift in Sources */,
				659D43C91D35598300B2B289 /* AppDelegate.swift in Sources */,
				658358F31D3E9FC3000E9F19 /* SongListViewController.swift in Sources */,
			);
			runOnlyForDeploymentPostprocessing = 0;
		};
/* End PBXSourcesBuildPhase section */

/* Begin PBXVariantGroup section */
		659D43CC1D35598300B2B289 /* Main.storyboard */ = {
			isa = PBXVariantGroup;
			children = (
				659D43CD1D35598300B2B289 /* Base */,
			);
			name = Main.storyboard;
			sourceTree = "<group>";
		};
		659D43D11D35598300B2B289 /* LaunchScreen.storyboard */ = {
			isa = PBXVariantGroup;
			children = (
				659D43D21D35598300B2B289 /* Base */,
			);
			name = LaunchScreen.storyboard;
			sourceTree = "<group>";
		};
/* End PBXVariantGroup section */

/* Begin XCBuildConfiguration section */
		659D43D51D35598300B2B289 /* Debug */ = {
			isa = XCBuildConfiguration;
			buildSettings = {
				ALWAYS_SEARCH_USER_PATHS = NO;
				CLANG_ANALYZER_NONNULL = YES;
				CLANG_CXX_LANGUAGE_STANDARD = "gnu++0x";
				CLANG_CXX_LIBRARY = "libc++";
				CLANG_ENABLE_MODULES = YES;
				CLANG_ENABLE_OBJC_ARC = YES;
				CLANG_WARN_BOOL_CONVERSION = YES;
				CLANG_WARN_CONSTANT_CONVERSION = YES;
				CLANG_WARN_DIRECT_OBJC_ISA_USAGE = YES_ERROR;
				CLANG_WARN_EMPTY_BODY = YES;
				CLANG_WARN_ENUM_CONVERSION = YES;
				CLANG_WARN_INT_CONVERSION = YES;
				CLANG_WARN_OBJC_ROOT_CLASS = YES_ERROR;
				CLANG_WARN_UNREACHABLE_CODE = YES;
				CLANG_WARN__DUPLICATE_METHOD_MATCH = YES;
				"CODE_SIGN_IDENTITY[sdk=iphoneos*]" = "iPhone Developer";
				COPY_PHASE_STRIP = NO;
				DEBUG_INFORMATION_FORMAT = dwarf;
				ENABLE_STRICT_OBJC_MSGSEND = YES;
				ENABLE_TESTABILITY = YES;
				GCC_C_LANGUAGE_STANDARD = gnu99;
				GCC_DYNAMIC_NO_PIC = NO;
				GCC_NO_COMMON_BLOCKS = YES;
				GCC_OPTIMIZATION_LEVEL = 0;
				GCC_PREPROCESSOR_DEFINITIONS = (
					"DEBUG=1",
					"$(inherited)",
				);
				GCC_WARN_64_TO_32_BIT_CONVERSION = YES;
				GCC_WARN_ABOUT_RETURN_TYPE = YES_ERROR;
				GCC_WARN_UNDECLARED_SELECTOR = YES;
				GCC_WARN_UNINITIALIZED_AUTOS = YES_AGGRESSIVE;
				GCC_WARN_UNUSED_FUNCTION = YES;
				GCC_WARN_UNUSED_VARIABLE = YES;
				IPHONEOS_DEPLOYMENT_TARGET = 9.3;
				MTL_ENABLE_DEBUG_INFO = YES;
				ONLY_ACTIVE_ARCH = YES;
				SDKROOT = iphoneos;
				SWIFT_OPTIMIZATION_LEVEL = "-Onone";
				TARGETED_DEVICE_FAMILY = "1,2";
			};
			name = Debug;
		};
		659D43D61D35598300B2B289 /* Release */ = {
			isa = XCBuildConfiguration;
			buildSettings = {
				ALWAYS_SEARCH_USER_PATHS = NO;
				CLANG_ANALYZER_NONNULL = YES;
				CLANG_CXX_LANGUAGE_STANDARD = "gnu++0x";
				CLANG_CXX_LIBRARY = "libc++";
				CLANG_ENABLE_MODULES = YES;
				CLANG_ENABLE_OBJC_ARC = YES;
				CLANG_WARN_BOOL_CONVERSION = YES;
				CLANG_WARN_CONSTANT_CONVERSION = YES;
				CLANG_WARN_DIRECT_OBJC_ISA_USAGE = YES_ERROR;
				CLANG_WARN_EMPTY_BODY = YES;
				CLANG_WARN_ENUM_CONVERSION = YES;
				CLANG_WARN_INT_CONVERSION = YES;
				CLANG_WARN_OBJC_ROOT_CLASS = YES_ERROR;
				CLANG_WARN_UNREACHABLE_CODE = YES;
				CLANG_WARN__DUPLICATE_METHOD_MATCH = YES;
				"CODE_SIGN_IDENTITY[sdk=iphoneos*]" = "iPhone Developer";
				COPY_PHASE_STRIP = NO;
				DEBUG_INFORMATION_FORMAT = "dwarf-with-dsym";
				ENABLE_NS_ASSERTIONS = NO;
				ENABLE_STRICT_OBJC_MSGSEND = YES;
				GCC_C_LANGUAGE_STANDARD = gnu99;
				GCC_NO_COMMON_BLOCKS = YES;
				GCC_WARN_64_TO_32_BIT_CONVERSION = YES;
				GCC_WARN_ABOUT_RETURN_TYPE = YES_ERROR;
				GCC_WARN_UNDECLARED_SELECTOR = YES;
				GCC_WARN_UNINITIALIZED_AUTOS = YES_AGGRESSIVE;
				GCC_WARN_UNUSED_FUNCTION = YES;
				GCC_WARN_UNUSED_VARIABLE = YES;
				IPHONEOS_DEPLOYMENT_TARGET = 9.3;
				MTL_ENABLE_DEBUG_INFO = NO;
				SDKROOT = iphoneos;
				TARGETED_DEVICE_FAMILY = "1,2";
				VALIDATE_PRODUCT = YES;
			};
			name = Release;
		};
		659D43D81D35598300B2B289 /* Debug */ = {
			isa = XCBuildConfiguration;
			buildSettings = {
				ASSETCATALOG_COMPILER_APPICON_NAME = AppIcon;
				CODE_SIGN_IDENTITY = "iPhone Developer";
				"CODE_SIGN_IDENTITY[sdk=iphoneos*]" = "iPhone Developer";
				FRAMEWORK_SEARCH_PATHS = "/Users/HT/Desktop/Make\\ School\\ SA\\ 2016/realm-swift-1.0.2/ios/swift-2.2 ";
				INFOPLIST_FILE = "u-sing/Info.plist";
				LD_RUNPATH_SEARCH_PATHS = "$(inherited) @executable_path/Frameworks";
				PRODUCT_BUNDLE_IDENTIFIER = "com.ht.u-sing";
				PRODUCT_NAME = "$(TARGET_NAME)";
				PROVISIONING_PROFILE = "";
			};
			name = Debug;
		};
		659D43D91D35598300B2B289 /* Release */ = {
			isa = XCBuildConfiguration;
			buildSettings = {
				ASSETCATALOG_COMPILER_APPICON_NAME = AppIcon;
				CODE_SIGN_IDENTITY = "iPhone Developer";
				"CODE_SIGN_IDENTITY[sdk=iphoneos*]" = "iPhone Developer";
				FRAMEWORK_SEARCH_PATHS = "/Users/HT/Desktop/Make\\ School\\ SA\\ 2016/realm-swift-1.0.2/ios/swift-2.2 ";
				INFOPLIST_FILE = "u-sing/Info.plist";
				LD_RUNPATH_SEARCH_PATHS = "$(inherited) @executable_path/Frameworks";
				PRODUCT_BUNDLE_IDENTIFIER = "com.ht.u-sing";
				PRODUCT_NAME = "$(TARGET_NAME)";
				PROVISIONING_PROFILE = "";
			};
			name = Release;
		};
/* End XCBuildConfiguration section */

/* Begin XCConfigurationList section */
		659D43C01D35598300B2B289 /* Build configuration list for PBXProject "u-sing" */ = {
			isa = XCConfigurationList;
			buildConfigurations = (
				659D43D51D35598300B2B289 /* Debug */,
				659D43D61D35598300B2B289 /* Release */,
			);
			defaultConfigurationIsVisible = 0;
			defaultConfigurationName = Release;
		};
		659D43D71D35598300B2B289 /* Build configuration list for PBXNativeTarget "u-sing" */ = {
			isa = XCConfigurationList;
			buildConfigurations = (
				659D43D81D35598300B2B289 /* Debug */,
				659D43D91D35598300B2B289 /* Release */,
			);
			defaultConfigurationIsVisible = 0;
			defaultConfigurationName = Release;
		};
/* End XCConfigurationList section */
	};
	rootObject = 659D43BD1D35598300B2B289 /* Project object */;
}
